Microsoft Visual Studio Solution File, Format Version 12.00
# Visual Studio Version 16
VisualStudioVersion = 16.0.31205.134
MinimumVisualStudioVersion = 10.0.40219.1
Project("{8BC9CEB8-8B4A-11D0-8D11-00A0C91BC942}") = "Crap", "Crap\Crap.vcproj", "{DF86BD9A-81EB-484B-A844-BADA8A8141C2}"
EndProject
Project("{FAE04EC0-301F-11D3-BF4B-00C04F79EFBC}") = "IOManager", "IOManager\IOManager.csproj", "{137F2B6C-23C5-42AC-B662-27FF91CF4F8E}"
EndProject
Project("{FAE04EC0-301F-11D3-BF4B-00C04F79EFBC}") = "Log", "Log\Log.csproj", "{F84031CE-6291-4369-AE4A-297EF0662D14}"
EndProject
Project("{FAE04EC0-301F-11D3-BF4B-00C04F79EFBC}") = "WiiBackupFileSystem", "WiiBackupFileSystem\WiiBackupFileSystem.csproj", "{3AF7CC70-0685-4C75-A901-4A019466383E}"
EndProject
Project("{FAE04EC0-301F-11D3-BF4B-00C04F79EFBC}") = "ICSharpCode.SharpZLib", "SharpZipLib\ICSharpCode.SharpZLib.csproj", "{0E7413FF-EB9E-4714-ACF2-BE3A6A7B2FFD}"
EndProject
Project("{FAE04EC0-301F-11D3-BF4B-00C04F79EFBC}") = "MultiLanguage", "MultiLanguage\MultiLanguage.csproj", "{7073D98D-0958-444E-974A-7AE292834EA9}"
EndProject
Project("{FAE04EC0-301F-11D3-BF4B-00C04F79EFBC}") = "Tester", "Tester\Tester.csproj", "{D37A243A-BDEB-421B-8954-ACF1480F917C}"
EndProject
Project("{FAE04EC0-301F-11D3-BF4B-00C04F79EFBC}") = "UpdateManager", "UpdateManager\UpdateManager.csproj", "{666E5E63-9036-43E0-ABAE-084F12CB8FBE}"
EndProject
Project("{FAE04EC0-301F-11D3-BF4B-00C04F79EFBC}") = "Schema", "Schema\Schema.csproj", "{F05E292F-77E6-4B4B-9208-5C8342AC09BA}"
EndProject
Project("{FAE04EC0-301F-11D3-BF4B-00C04F79EFBC}") = "WordStegoLib", "WordStegoLib\WordStegoLib.csproj", "{5ACCBD83-3895-4E13-873D-4A7D102EF483}"
EndProject
Project("{FAE04EC0-301F-11D3-BF4B-00C04F79EFBC}") = "CrapInstaller", "Helpers\CrapInstaller.csproj", "{475F3ADF-B529-449F-89DA-BA5E8BE15DD5}"
EndProject
Project("{FAE04EC0-301F-11D3-BF4B-00C04F79EFBC}") = "WiiHelpers", "WiiHelpers\WiiHelpers.csproj", "{254E33BF-EAFA-44E3-845A-2E026645AB8C}"
EndProject
Project("{FAE04EC0-301F-11D3-BF4B-00C04F79EFBC}") = "CommonHelpers", "CommonHelpers\CommonHelpers.csproj", "{916AF659-38F4-4B8E-A8A1-B52448762F8D}"
EndProject
Project("{FAE04EC0-301F-11D3-BF4B-00C04F79EFBC}") = "InstallerStub", "InstallerStub\InstallerStub.csproj", "{4D15864A-2559-49F7-8A67-6F186FE88A6A}"
EndProject
Project("{FAE04EC0-301F-11D3-BF4B-00C04F79EFBC}") = "Zlib", "Zlib\Zlib.csproj", "{9816BA86-9250-4C00-A912-25F07F8677D1}"
EndProject
Project("{FAE04EC0-301F-11D3-BF4B-00C04F79EFBC}") = "CrazyInstaller", "CrazyInstaller\CrazyInstaller.csproj", "{7CC425F9-BC74-459A-AE8A-28331A29CA72}"
EndProject
Project("{FAE04EC0-301F-11D3-BF4B-00C04F79EFBC}") = "WiiGSC", "WiiGCC\WiiGSC.csproj", "{657445EA-0518-4B5D-BAA7-6A39BC4FA87B}"
EndProject
Project("{FAE04EC0-301F-11D3-BF4B-00C04F79EFBC}") = "LoaderManager", "LoaderManager\LoaderManager.csproj", "{FCA6854E-4DD2-4B31-982B-B965D48AF86B}"
EndProject
Project("{54435603-DBB4-11D2-8724-00A0C9A8B90C}") = "WiiGSCInstaller", "WiiGSCInstaller\WiiGSCInstaller.vdproj", "{30DEC3FA-3203-4091-8631-1E7B4793E330}"
EndProject
Project("{FAE04EC0-301F-11D3-BF4B-00C04F79EFBC}") = "InjectFind", "InjectFind\InjectFind.csproj", "{876C6926-92E0-4898-8605-8D2966928429}"
EndProject
Project("{FAE04EC0-301F-11D3-BF4B-00C04F79EFBC}") = "KeyStego", "KeyStego\KeyStego.csproj", "{283EBAA8-D383-4BB9-8016-29CFDFCB4386}"
EndProject
Global
	GlobalSection(SolutionConfigurationPlatforms) = preSolution
		Debug|Any CPU = Debug|Any CPU
		Debug|Mixed Platforms = Debug|Mixed Platforms
		Debug|Win32 = Debug|Win32
		Debug|x64 = Debug|x64
		Release|Any CPU = Release|Any CPU
		Release|Mixed Platforms = Release|Mixed Platforms
		Release|Win32 = Release|Win32
		Release|x64 = Release|x64
		ReleaseAxp|Any CPU = ReleaseAxp|Any CPU
		ReleaseAxp|Mixed Platforms = ReleaseAxp|Mixed Platforms
		ReleaseAxp|Win32 = ReleaseAxp|Win32
		ReleaseAxp|x64 = ReleaseAxp|x64
		ReleaseWithoutAsm|Any CPU = ReleaseWithoutAsm|Any CPU
		ReleaseWithoutAsm|Mixed Platforms = ReleaseWithoutAsm|Mixed Platforms
		ReleaseWithoutAsm|Win32 = ReleaseWithoutAsm|Win32
		ReleaseWithoutAsm|x64 = ReleaseWithoutAsm|x64
	EndGlobalSection
	GlobalSection(ProjectConfigurationPlatforms) = postSolution
		{DF86BD9A-81EB-484B-A844-BADA8A8141C2}.Debug|Any CPU.ActiveCfg = Debug|Win32
		{DF86BD9A-81EB-484B-A844-BADA8A8141C2}.Debug|Mixed Platforms.ActiveCfg = Debug|Win32
		{DF86BD9A-81EB-484B-A844-BADA8A8141C2}.Debug|Mixed Platforms.Build.0 = Debug|Win32
		{DF86BD9A-81EB-484B-A844-BADA8A8141C2}.Debug|Win32.ActiveCfg = Debug|Win32
		{DF86BD9A-81EB-484B-A844-BADA8A8141C2}.Debug|Win32.Build.0 = Debug|Win32
		{DF86BD9A-81EB-484B-A844-BADA8A8141C2}.Debug|x64.ActiveCfg = Debug|Win32
		{DF86BD9A-81EB-484B-A844-BADA8A8141C2}.Release|Any CPU.ActiveCfg = Release|Win32
		{DF86BD9A-81EB-484B-A844-BADA8A8141C2}.Release|Mixed Platforms.ActiveCfg = Release|Win32
		{DF86BD9A-81EB-484B-A844-BADA8A8141C2}.Release|Mixed Platforms.Build.0 = Release|Win32
		{DF86BD9A-81EB-484B-A844-BADA8A8141C2}.Release|Win32.ActiveCfg = Release|Win32
		{DF86BD9A-81EB-484B-A844-BADA8A8141C2}.Release|Win32.Build.0 = Release|Win32
		{DF86BD9A-81EB-484B-A844-BADA8A8141C2}.Release|x64.ActiveCfg = Release|Win32
		{DF86BD9A-81EB-484B-A844-BADA8A8141C2}.ReleaseAxp|Any CPU.ActiveCfg = Release|Win32
		{DF86BD9A-81EB-484B-A844-BADA8A8141C2}.ReleaseAxp|Mixed Platforms.ActiveCfg = Release|Win32
		{DF86BD9A-81EB-484B-A844-BADA8A8141C2}.ReleaseAxp|Mixed Platforms.Build.0 = Release|Win32
		{DF86BD9A-81EB-484B-A844-BADA8A8141C2}.ReleaseAxp|Win32.ActiveCfg = Release|Win32
		{DF86BD9A-81EB-484B-A844-BADA8A8141C2}.ReleaseAxp|Win32.Build.0 = Release|Win32
		{DF86BD9A-81EB-484B-A844-BADA8A8141C2}.ReleaseAxp|x64.ActiveCfg = Release|Win32
		{DF86BD9A-81EB-484B-A844-BADA8A8141C2}.ReleaseWithoutAsm|Any CPU.ActiveCfg = Release|Win32
		{DF86BD9A-81EB-484B-A844-BADA8A8141C2}.ReleaseWithoutAsm|Mixed Platforms.ActiveCfg = Release|Win32
		{DF86BD9A-81EB-484B-A844-BADA8A8141C2}.ReleaseWithoutAsm|Mixed Platforms.Build.0 = Release|Win32
		{DF86BD9A-81EB-484B-A844-BADA8A8141C2}.ReleaseWithoutAsm|Win32.ActiveCfg = Release|Win32
		{DF86BD9A-81EB-484B-A844-BADA8A8141C2}.ReleaseWithoutAsm|Win32.Build.0 = Release|Win32
		{DF86BD9A-81EB-484B-A844-BADA8A8141C2}.ReleaseWithoutAsm|x64.ActiveCfg = Release|Win32
		{137F2B6C-23C5-42AC-B662-27FF91CF4F8E}.Debug|Any CPU.ActiveCfg = Debug|Any CPU
		{137F2B6C-23C5-42AC-B662-27FF91CF4F8E}.Debug|Any CPU.Build.0 = Debug|Any CPU
		{137F2B6C-23C5-42AC-B662-27FF91CF4F8E}.Debug|Mixed Platforms.ActiveCfg = Debug|Any CPU
		{137F2B6C-23C5-42AC-B662-27FF91CF4F8E}.Debug|Mixed Platforms.Build.0 = Debug|Any CPU
		{137F2B6C-23C5-42AC-B662-27FF91CF4F8E}.Debug|Win32.ActiveCfg = Debug|Any CPU
		{137F2B6C-23C5-42AC-B662-27FF91CF4F8E}.Debug|x64.ActiveCfg = Debug|Any CPU
		{137F2B6C-23C5-42AC-B662-27FF91CF4F8E}.Release|Any CPU.ActiveCfg = Release|Any CPU
		{137F2B6C-23C5-42AC-B662-27FF91CF4F8E}.Release|Any CPU.Build.0 = Release|Any CPU
		{137F2B6C-23C5-42AC-B662-27FF91CF4F8E}.Release|Mixed Platforms.ActiveCfg = Release|Any CPU
		{137F2B6C-23C5-42AC-B662-27FF91CF4F8E}.Release|Mixed Platforms.Build.0 = Release|Any CPU
		{137F2B6C-23C5-42AC-B662-27FF91CF4F8E}.Release|Win32.ActiveCfg = Release|Any CPU
		{137F2B6C-23C5-42AC-B662-27FF91CF4F8E}.Release|x64.ActiveCfg = Release|Any CPU
		{137F2B6C-23C5-42AC-B662-27FF91CF4F8E}.ReleaseAxp|Any CPU.ActiveCfg = Release|Any CPU
		{137F2B6C-23C5-42AC-B662-27FF91CF4F8E}.ReleaseAxp|Any CPU.Build.0 = Release|Any CPU
		{137F2B6C-23C5-42AC-B662-27FF91CF4F8E}.ReleaseAxp|Mixed Platforms.ActiveCfg = Release|Any CPU
		{137F2B6C-23C5-42AC-B662-27FF91CF4F8E}.ReleaseAxp|Mixed Platforms.Build.0 = Release|Any CPU
		{137F2B6C-23C5-42AC-B662-27FF91CF4F8E}.ReleaseAxp|Win32.ActiveCfg = Release|Any CPU
		{137F2B6C-23C5-42AC-B662-27FF91CF4F8E}.ReleaseAxp|x64.ActiveCfg = Release|Any CPU
		{137F2B6C-23C5-42AC-B662-27FF91CF4F8E}.ReleaseWithoutAsm|Any CPU.ActiveCfg = Release|Any CPU
		{137F2B6C-23C5-42AC-B662-27FF91CF4F8E}.ReleaseWithoutAsm|Any CPU.Build.0 = Release|Any CPU
		{137F2B6C-23C5-42AC-B662-27FF91CF4F8E}.ReleaseWithoutAsm|Mixed Platforms.ActiveCfg = Release|Any CPU
		{137F2B6C-23C5-42AC-B662-27FF91CF4F8E}.ReleaseWithoutAsm|Mixed Platforms.Build.0 = Release|Any CPU
		{137F2B6C-23C5-42AC-B662-27FF91CF4F8E}.ReleaseWithoutAsm|Win32.ActiveCfg = Release|Any CPU
		{137F2B6C-23C5-42AC-B662-27FF91CF4F8E}.ReleaseWithoutAsm|x64.ActiveCfg = Release|Any CPU
		{F84031CE-6291-4369-AE4A-297EF0662D14}.Debug|Any CPU.ActiveCfg = Debug|Any CPU
		{F84031CE-6291-4369-AE4A-297EF0662D14}.Debug|Any CPU.Build.0 = Debug|Any CPU
		{F84031CE-6291-4369-AE4A-297EF0662D14}.Debug|Mixed Platforms.ActiveCfg = Debug|Any CPU
		{F84031CE-6291-4369-AE4A-297EF0662D14}.Debug|Mixed Platforms.Build.0 = Debug|Any CPU
		{F84031CE-6291-4369-AE4A-297EF0662D14}.Debug|Win32.ActiveCfg = Debug|Any CPU
		{F84031CE-6291-4369-AE4A-297EF0662D14}.Debug|x64.ActiveCfg = Debug|Any CPU
		{F84031CE-6291-4369-AE4A-297EF0662D14}.Release|Any CPU.ActiveCfg = Release|Any CPU
		{F84031CE-6291-4369-AE4A-297EF0662D14}.Release|Any CPU.Build.0 = Release|Any CPU
		{F84031CE-6291-4369-AE4A-297EF0662D14}.Release|Mixed Platforms.ActiveCfg = Release|Any CPU
		{F84031CE-6291-4369-AE4A-297EF0662D14}.Release|Mixed Platforms.Build.0 = Release|Any CPU
		{F84031CE-6291-4369-AE4A-297EF0662D14}.Release|Win32.ActiveCfg = Release|Any CPU
		{F84031CE-6291-4369-AE4A-297EF0662D14}.Release|x64.ActiveCfg = Release|Any CPU
		{F84031CE-6291-4369-AE4A-297EF0662D14}.ReleaseAxp|Any CPU.ActiveCfg = Release|Any CPU
		{F84031CE-6291-4369-AE4A-297EF0662D14}.ReleaseAxp|Any CPU.Build.0 = Release|Any CPU
		{F84031CE-6291-4369-AE4A-297EF0662D14}.ReleaseAxp|Mixed Platforms.ActiveCfg = Release|Any CPU
		{F84031CE-6291-4369-AE4A-297EF0662D14}.ReleaseAxp|Mixed Platforms.Build.0 = Release|Any CPU
		{F84031CE-6291-4369-AE4A-297EF0662D14}.ReleaseAxp|Win32.ActiveCfg = Release|Any CPU
		{F84031CE-6291-4369-AE4A-297EF0662D14}.ReleaseAxp|x64.ActiveCfg = Release|Any CPU
		{F84031CE-6291-4369-AE4A-297EF0662D14}.ReleaseWithoutAsm|Any CPU.ActiveCfg = Release|Any CPU
		{F84031CE-6291-4369-AE4A-297EF0662D14}.ReleaseWithoutAsm|Any CPU.Build.0 = Release|Any CPU
		{F84031CE-6291-4369-AE4A-297EF0662D14}.ReleaseWithoutAsm|Mixed Platforms.ActiveCfg = Release|Any CPU
		{F84031CE-6291-4369-AE4A-297EF0662D14}.ReleaseWithoutAsm|Mixed Platforms.Build.0 = Release|Any CPU
		{F84031CE-6291-4369-AE4A-297EF0662D14}.ReleaseWithoutAsm|Win32.ActiveCfg = Release|Any CPU
		{F84031CE-6291-4369-AE4A-297EF0662D14}.ReleaseWithoutAsm|x64.ActiveCfg = Release|Any CPU
		{3AF7CC70-0685-4C75-A901-4A019466383E}.Debug|Any CPU.ActiveCfg = Debug|Any CPU
		{3AF7CC70-0685-4C75-A901-4A019466383E}.Debug|Any CPU.Build.0 = Debug|Any CPU
		{3AF7CC70-0685-4C75-A901-4A019466383E}.Debug|Mixed Platforms.ActiveCfg = Debug|Any CPU
		{3AF7CC70-0685-4C75-A901-4A019466383E}.Debug|Mixed Platforms.Build.0 = Debug|Any CPU
		{3AF7CC70-0685-4C75-A901-4A019466383E}.Debug|Win32.ActiveCfg = Debug|Any CPU
		{3AF7CC70-0685-4C75-A901-4A019466383E}.Debug|x64.ActiveCfg = Debug|Any CPU
		{3AF7CC70-0685-4C75-A901-4A019466383E}.Release|Any CPU.ActiveCfg = Release|Any CPU
		{3AF7CC70-0685-4C75-A901-4A019466383E}.Release|Any CPU.Build.0 = Release|Any CPU
		{3AF7CC70-0685-4C75-A901-4A019466383E}.Release|Mixed Platforms.ActiveCfg = Release|Any CPU
		{3AF7CC70-0685-4C75-A901-4A019466383E}.Release|Mixed Platforms.Build.0 = Release|Any CPU
		{3AF7CC70-0685-4C75-A901-4A019466383E}.Release|Win32.ActiveCfg = Release|Any CPU
		{3AF7CC70-0685-4C75-A901-4A019466383E}.Release|x64.ActiveCfg = Release|Any CPU
		{3AF7CC70-0685-4C75-A901-4A019466383E}.ReleaseAxp|Any CPU.ActiveCfg = Release|Any CPU
		{3AF7CC70-0685-4C75-A901-4A019466383E}.ReleaseAxp|Any CPU.Build.0 = Release|Any CPU
		{3AF7CC70-0685-4C75-A901-4A019466383E}.ReleaseAxp|Mixed Platforms.ActiveCfg = Release|Any CPU
		{3AF7CC70-0685-4C75-A901-4A019466383E}.ReleaseAxp|Mixed Platforms.Build.0 = Release|Any CPU
		{3AF7CC70-0685-4C75-A901-4A019466383E}.ReleaseAxp|Win32.ActiveCfg = Release|Any CPU
		{3AF7CC70-0685-4C75-A901-4A019466383E}.ReleaseAxp|x64.ActiveCfg = Release|Any CPU
		{3AF7CC70-0685-4C75-A901-4A019466383E}.ReleaseWithoutAsm|Any CPU.ActiveCfg = Release|Any CPU
		{3AF7CC70-0685-4C75-A901-4A019466383E}.ReleaseWithoutAsm|Any CPU.Build.0 = Release|Any CPU
		{3AF7CC70-0685-4C75-A901-4A019466383E}.ReleaseWithoutAsm|Mixed Platforms.ActiveCfg = Release|Any CPU
		{3AF7CC70-0685-4C75-A901-4A019466383E}.ReleaseWithoutAsm|Mixed Platforms.Build.0 = Release|Any CPU
		{3AF7CC70-0685-4C75-A901-4A019466383E}.ReleaseWithoutAsm|Win32.ActiveCfg = Release|Any CPU
		{3AF7CC70-0685-4C75-A901-4A019466383E}.ReleaseWithoutAsm|x64.ActiveCfg = Release|Any CPU
		{0E7413FF-EB9E-4714-ACF2-BE3A6A7B2FFD}.Debug|Any CPU.ActiveCfg = Debug|Any CPU
		{0E7413FF-EB9E-4714-ACF2-BE3A6A7B2FFD}.Debug|Any CPU.Build.0 = Debug|Any CPU
		{0E7413FF-EB9E-4714-ACF2-BE3A6A7B2FFD}.Debug|Mixed Platforms.ActiveCfg = Debug|Any CPU
		{0E7413FF-EB9E-4714-ACF2-BE3A6A7B2FFD}.Debug|Mixed Platforms.Build.0 = Debug|Any CPU
		{0E7413FF-EB9E-4714-ACF2-BE3A6A7B2FFD}.Debug|Win32.ActiveCfg = Debug|Any CPU
		{0E7413FF-EB9E-4714-ACF2-BE3A6A7B2FFD}.Debug|x64.ActiveCfg = Debug|Any CPU
		{0E7413FF-EB9E-4714-ACF2-BE3A6A7B2FFD}.Release|Any CPU.ActiveCfg = Release|Any CPU
		{0E7413FF-EB9E-4714-ACF2-BE3A6A7B2FFD}.Release|Any CPU.Build.0 = Release|Any CPU
		{0E7413FF-EB9E-4714-ACF2-BE3A6A7B2FFD}.Release|Mixed Platforms.ActiveCfg = Release|Any CPU
		{0E7413FF-EB9E-4714-ACF2-BE3A6A7B2FFD}.Release|Mixed Platforms.Build.0 = Release|Any CPU
		{0E7413FF-EB9E-4714-ACF2-BE3A6A7B2FFD}.Release|Win32.ActiveCfg = Release|Any CPU
		{0E7413FF-EB9E-4714-ACF2-BE3A6A7B2FFD}.Release|x64.ActiveCfg = Release|Any CPU
		{0E7413FF-EB9E-4714-ACF2-BE3A6A7B2FFD}.ReleaseAxp|Any CPU.ActiveCfg = Release|Any CPU
		{0E7413FF-EB9E-4714-ACF2-BE3A6A7B2FFD}.ReleaseAxp|Any CPU.Build.0 = Release|Any CPU
		{0E7413FF-EB9E-4714-ACF2-BE3A6A7B2FFD}.ReleaseAxp|Mixed Platforms.ActiveCfg = Release|Any CPU
		{0E7413FF-EB9E-4714-ACF2-BE3A6A7B2FFD}.ReleaseAxp|Mixed Platforms.Build.0 = Release|Any CPU
		{0E7413FF-EB9E-4714-ACF2-BE3A6A7B2FFD}.ReleaseAxp|Win32.ActiveCfg = Release|Any CPU
		{0E7413FF-EB9E-4714-ACF2-BE3A6A7B2FFD}.ReleaseAxp|x64.ActiveCfg = Release|Any CPU
		{0E7413FF-EB9E-4714-ACF2-BE3A6A7B2FFD}.ReleaseWithoutAsm|Any CPU.ActiveCfg = Release|Any CPU
		{0E7413FF-EB9E-4714-ACF2-BE3A6A7B2FFD}.ReleaseWithoutAsm|Any CPU.Build.0 = Release|Any CPU
		{0E7413FF-EB9E-4714-ACF2-BE3A6A7B2FFD}.ReleaseWithoutAsm|Mixed Platforms.ActiveCfg = Release|Any CPU
		{0E7413FF-EB9E-4714-ACF2-BE3A6A7B2FFD}.ReleaseWithoutAsm|Mixed Platforms.Build.0 = Release|Any CPU
		{0E7413FF-EB9E-4714-ACF2-BE3A6A7B2FFD}.ReleaseWithoutAsm|Win32.ActiveCfg = Release|Any CPU
		{0E7413FF-EB9E-4714-ACF2-BE3A6A7B2FFD}.ReleaseWithoutAsm|x64.ActiveCfg = Release|Any CPU
		{7073D98D-0958-444E-974A-7AE292834EA9}.Debug|Any CPU.ActiveCfg = Debug|Any CPU
		{7073D98D-0958-444E-974A-7AE292834EA9}.Debug|Any CPU.Build.0 = Debug|Any CPU
		{7073D98D-0958-444E-974A-7AE292834EA9}.Debug|Mixed Platforms.ActiveCfg = Debug|Any CPU
		{7073D98D-0958-444E-974A-7AE292834EA9}.Debug|Mixed Platforms.Build.0 = Debug|Any CPU
		{7073D98D-0958-444E-974A-7AE292834EA9}.Debug|Win32.ActiveCfg = Debug|Any CPU
		{7073D98D-0958-444E-974A-7AE292834EA9}.Debug|x64.ActiveCfg = Debug|Any CPU
		{7073D98D-0958-444E-974A-7AE292834EA9}.Release|Any CPU.ActiveCfg = Release|Any CPU
		{7073D98D-0958-444E-974A-7AE292834EA9}.Release|Any CPU.Build.0 = Release|Any CPU
		{7073D98D-0958-444E-974A-7AE292834EA9}.Release|Mixed Platforms.ActiveCfg = Release|Any CPU
		{7073D98D-0958-444E-974A-7AE292834EA9}.Release|Mixed Platforms.Build.0 = Release|Any CPU
		{7073D98D-0958-444E-974A-7AE292834EA9}.Release|Win32.ActiveCfg = Release|Any CPU
		{7073D98D-0958-444E-974A-7AE292834EA9}.Release|x64.ActiveCfg = Release|Any CPU
		{7073D98D-0958-444E-974A-7AE292834EA9}.ReleaseAxp|Any CPU.ActiveCfg = Release|Any CPU
		{7073D98D-0958-444E-974A-7AE292834EA9}.ReleaseAxp|Any CPU.Build.0 = Release|Any CPU
		{7073D98D-0958-444E-974A-7AE292834EA9}.ReleaseAxp|Mixed Platforms.ActiveCfg = Release|Any CPU
		{7073D98D-0958-444E-974A-7AE292834EA9}.ReleaseAxp|Mixed Platforms.Build.0 = Release|Any CPU
		{7073D98D-0958-444E-974A-7AE292834EA9}.ReleaseAxp|Win32.ActiveCfg = Release|Any CPU
		{7073D98D-0958-444E-974A-7AE292834EA9}.ReleaseAxp|x64.ActiveCfg = Release|Any CPU
		{7073D98D-0958-444E-974A-7AE292834EA9}.ReleaseWithoutAsm|Any CPU.ActiveCfg = Release|Any CPU
		{7073D98D-0958-444E-974A-7AE292834EA9}.ReleaseWithoutAsm|Any CPU.Build.0 = Release|Any CPU
		{7073D98D-0958-444E-974A-7AE292834EA9}.ReleaseWithoutAsm|Mixed Platforms.ActiveCfg = Release|Any CPU
		{7073D98D-0958-444E-974A-7AE292834EA9}.ReleaseWithoutAsm|Mixed Platforms.Build.0 = Release|Any CPU
		{7073D98D-0958-444E-974A-7AE292834EA9}.ReleaseWithoutAsm|Win32.ActiveCfg = Release|Any CPU
		{7073D98D-0958-444E-974A-7AE292834EA9}.ReleaseWithoutAsm|x64.ActiveCfg = Release|Any CPU
		{D37A243A-BDEB-421B-8954-ACF1480F917C}.Debug|Any CPU.ActiveCfg = Debug|Any CPU
		{D37A243A-BDEB-421B-8954-ACF1480F917C}.Debug|Any CPU.Build.0 = Debug|Any CPU
		{D37A243A-BDEB-421B-8954-ACF1480F917C}.Debug|Mixed Platforms.ActiveCfg = Debug|Any CPU
		{D37A243A-BDEB-421B-8954-ACF1480F917C}.Debug|Mixed Platforms.Build.0 = Debug|Any CPU
		{D37A243A-BDEB-421B-8954-ACF1480F917C}.Debug|Win32.ActiveCfg = Debug|Any CPU
		{D37A243A-BDEB-421B-8954-ACF1480F917C}.Debug|x64.ActiveCfg = Debug|Any CPU
		{D37A243A-BDEB-421B-8954-ACF1480F917C}.Release|Any CPU.ActiveCfg = Release|Any CPU
		{D37A243A-BDEB-421B-8954-ACF1480F917C}.Release|Any CPU.Build.0 = Release|Any CPU
		{D37A243A-BDEB-421B-8954-ACF1480F917C}.Release|Mixed Platforms.ActiveCfg = Release|Any CPU
		{D37A243A-BDEB-421B-8954-ACF1480F917C}.Release|Mixed Platforms.Build.0 = Release|Any CPU
		{D37A243A-BDEB-421B-8954-ACF1480F917C}.Release|Win32.ActiveCfg = Release|Any CPU
		{D37A243A-BDEB-421B-8954-ACF1480F917C}.Release|x64.ActiveCfg = Release|Any CPU
		{D37A243A-BDEB-421B-8954-ACF1480F917C}.ReleaseAxp|Any CPU.ActiveCfg = Release|Any CPU
		{D37A243A-BDEB-421B-8954-ACF1480F917C}.ReleaseAxp|Any CPU.Build.0 = Release|Any CPU
		{D37A243A-BDEB-421B-8954-ACF1480F917C}.ReleaseAxp|Mixed Platforms.ActiveCfg = Release|Any CPU
		{D37A243A-BDEB-421B-8954-ACF1480F917C}.ReleaseAxp|Mixed Platforms.Build.0 = Release|Any CPU
		{D37A243A-BDEB-421B-8954-ACF1480F917C}.ReleaseAxp|Win32.ActiveCfg = Release|Any CPU
		{D37A243A-BDEB-421B-8954-ACF1480F917C}.ReleaseAxp|x64.ActiveCfg = Release|Any CPU
		{D37A243A-BDEB-421B-8954-ACF1480F917C}.ReleaseWithoutAsm|Any CPU.ActiveCfg = Release|Any CPU
		{D37A243A-BDEB-421B-8954-ACF1480F917C}.ReleaseWithoutAsm|Any CPU.Build.0 = Release|Any CPU
		{D37A243A-BDEB-421B-8954-ACF1480F917C}.ReleaseWithoutAsm|Mixed Platforms.ActiveCfg = Release|Any CPU
		{D37A243A-BDEB-421B-8954-ACF1480F917C}.ReleaseWithoutAsm|Mixed Platforms.Build.0 = Release|Any CPU
		{D37A243A-BDEB-421B-8954-ACF1480F917C}.ReleaseWithoutAsm|Win32.ActiveCfg = Release|Any CPU
		{D37A243A-BDEB-421B-8954-ACF1480F917C}.ReleaseWithoutAsm|x64.ActiveCfg = Release|Any CPU
		{666E5E63-9036-43E0-ABAE-084F12CB8FBE}.Debug|Any CPU.ActiveCfg = Debug|Any CPU
		{666E5E63-9036-43E0-ABAE-084F12CB8FBE}.Debug|Any CPU.Build.0 = Debug|Any CPU
		{666E5E63-9036-43E0-ABAE-084F12CB8FBE}.Debug|Mixed Platforms.ActiveCfg = Debug|Any CPU
		{666E5E63-9036-43E0-ABAE-084F12CB8FBE}.Debug|Mixed Platforms.Build.0 = Debug|Any CPU
		{666E5E63-9036-43E0-ABAE-084F12CB8FBE}.Debug|Win32.ActiveCfg = Debug|Any CPU
		{666E5E63-9036-43E0-ABAE-084F12CB8FBE}.Debug|x64.ActiveCfg = Debug|Any CPU
		{666E5E63-9036-43E0-ABAE-084F12CB8FBE}.Release|Any CPU.ActiveCfg = Release|Any CPU
		{666E5E63-9036-43E0-ABAE-084F12CB8FBE}.Release|Any CPU.Build.0 = Release|Any CPU
		{666E5E63-9036-43E0-ABAE-084F12CB8FBE}.Release|Mixed Platforms.ActiveCfg = Release|Any CPU
		{666E5E63-9036-43E0-ABAE-084F12CB8FBE}.Release|Mixed Platforms.Build.0 = Release|Any CPU
		{666E5E63-9036-43E0-ABAE-084F12CB8FBE}.Release|Win32.ActiveCfg = Release|Any CPU
		{666E5E63-9036-43E0-ABAE-084F12CB8FBE}.Release|x64.ActiveCfg = Release|Any CPU
		{666E5E63-9036-43E0-ABAE-084F12CB8FBE}.ReleaseAxp|Any CPU.ActiveCfg = Release|Any CPU
		{666E5E63-9036-43E0-ABAE-084F12CB8FBE}.ReleaseAxp|Any CPU.Build.0 = Release|Any CPU
		{666E5E63-9036-43E0-ABAE-084F12CB8FBE}.ReleaseAxp|Mixed Platforms.ActiveCfg = Release|Any CPU
		{666E5E63-9036-43E0-ABAE-084F12CB8FBE}.ReleaseAxp|Mixed Platforms.Build.0 = Release|Any CPU
		{666E5E63-9036-43E0-ABAE-084F12CB8FBE}.ReleaseAxp|Win32.ActiveCfg = Release|Any CPU
		{666E5E63-9036-43E0-ABAE-084F12CB8FBE}.ReleaseAxp|x64.ActiveCfg = Release|Any CPU
		{666E5E63-9036-43E0-ABAE-084F12CB8FBE}.ReleaseWithoutAsm|Any CPU.ActiveCfg = Release|Any CPU
		{666E5E63-9036-43E0-ABAE-084F12CB8FBE}.ReleaseWithoutAsm|Any CPU.Build.0 = Release|Any CPU
		{666E5E63-9036-43E0-ABAE-084F12CB8FBE}.ReleaseWithoutAsm|Mixed Platforms.ActiveCfg = Release|Any CPU
		{666E5E63-9036-43E0-ABAE-084F12CB8FBE}.ReleaseWithoutAsm|Mixed Platforms.Build.0 = Release|Any CPU
		{666E5E63-9036-43E0-ABAE-084F12CB8FBE}.ReleaseWithoutAsm|Win32.ActiveCfg = Release|Any CPU
		{666E5E63-9036-43E0-ABAE-084F12CB8FBE}.ReleaseWithoutAsm|x64.ActiveCfg = Release|Any CPU
		{F05E292F-77E6-4B4B-9208-5C8342AC09BA}.Debug|Any CPU.ActiveCfg = Debug|Any CPU
		{F05E292F-77E6-4B4B-9208-5C8342AC09BA}.Debug|Any CPU.Build.0 = Debug|Any CPU
		{F05E292F-77E6-4B4B-9208-5C8342AC09BA}.Debug|Mixed Platforms.ActiveCfg = Debug|Any CPU
		{F05E292F-77E6-4B4B-9208-5C8342AC09BA}.Debug|Mixed Platforms.Build.0 = Debug|Any CPU
		{F05E292F-77E6-4B4B-9208-5C8342AC09BA}.Debug|Win32.ActiveCfg = Debug|Any CPU
		{F05E292F-77E6-4B4B-9208-5C8342AC09BA}.Debug|x64.ActiveCfg = Debug|Any CPU
		{F05E292F-77E6-4B4B-9208-5C8342AC09BA}.Release|Any CPU.ActiveCfg = Release|Any CPU
		{F05E292F-77E6-4B4B-9208-5C8342AC09BA}.Release|Any CPU.Build.0 = Release|Any CPU
		{F05E292F-77E6-4B4B-9208-5C8342AC09BA}.Release|Mixed Platforms.ActiveCfg = Release|Any CPU
		{F05E292F-77E6-4B4B-9208-5C8342AC09BA}.Release|Mixed Platforms.Build.0 = Release|Any CPU
		{F05E292F-77E6-4B4B-9208-5C8342AC09BA}.Release|Win32.ActiveCfg = Release|Any CPU
		{F05E292F-77E6-4B4B-9208-5C8342AC09BA}.Release|x64.ActiveCfg = Release|Any CPU
		{F05E292F-77E6-4B4B-9208-5C8342AC09BA}.ReleaseAxp|Any CPU.ActiveCfg = Release|Any CPU
		{F05E292F-77E6-4B4B-9208-5C8342AC09BA}.ReleaseAxp|Any CPU.Build.0 = Release|Any CPU
		{F05E292F-77E6-4B4B-9208-5C8342AC09BA}.ReleaseAxp|Mixed Platforms.ActiveCfg = Release|Any CPU
		{F05E292F-77E6-4B4B-9208-5C8342AC09BA}.ReleaseAxp|Mixed Platforms.Build.0 = Release|Any CPU
		{F05E292F-77E6-4B4B-9208-5C8342AC09BA}.ReleaseAxp|Win32.ActiveCfg = Release|Any CPU
		{F05E292F-77E6-4B4B-9208-5C8342AC09BA}.ReleaseAxp|x64.ActiveCfg = Release|Any CPU
		{F05E292F-77E6-4B4B-9208-5C8342AC09BA}.ReleaseWithoutAsm|Any CPU.ActiveCfg = Release|Any CPU
		{F05E292F-77E6-4B4B-9208-5C8342AC09BA}.ReleaseWithoutAsm|Any CPU.Build.0 = Release|Any CPU
		{F05E292F-77E6-4B4B-9208-5C8342AC09BA}.ReleaseWithoutAsm|Mixed Platforms.ActiveCfg = Release|Any CPU
		{F05E292F-77E6-4B4B-9208-5C8342AC09BA}.ReleaseWithoutAsm|Mixed Platforms.Build.0 = Release|Any CPU
		{F05E292F-77E6-4B4B-9208-5C8342AC09BA}.ReleaseWithoutAsm|Win32.ActiveCfg = Release|Any CPU
		{F05E292F-77E6-4B4B-9208-5C8342AC09BA}.ReleaseWithoutAsm|x64.ActiveCfg = Release|Any CPU
		{5ACCBD83-3895-4E13-873D-4A7D102EF483}.Debug|Any CPU.ActiveCfg = Debug|Any CPU
		{5ACCBD83-3895-4E13-873D-4A7D102EF483}.Debug|Any CPU.Build.0 = Debug|Any CPU
		{5ACCBD83-3895-4E13-873D-4A7D102EF483}.Debug|Mixed Platforms.ActiveCfg = Debug|Any CPU
		{5ACCBD83-3895-4E13-873D-4A7D102EF483}.Debug|Mixed Platforms.Build.0 = Debug|Any CPU
		{5ACCBD83-3895-4E13-873D-4A7D102EF483}.Debug|Win32.ActiveCfg = Debug|Any CPU
		{5ACCBD83-3895-4E13-873D-4A7D102EF483}.Debug|x64.ActiveCfg = Debug|Any CPU
		{5ACCBD83-3895-4E13-873D-4A7D102EF483}.Release|Any CPU.ActiveCfg = Release|Any CPU
		{5ACCBD83-3895-4E13-873D-4A7D102EF483}.Release|Any CPU.Build.0 = Release|Any CPU
		{5ACCBD83-3895-4E13-873D-4A7D102EF483}.Release|Mixed Platforms.ActiveCfg = Release|Any CPU
		{5ACCBD83-3895-4E13-873D-4A7D102EF483}.Release|Mixed Platforms.Build.0 = Release|Any CPU
		{5ACCBD83-3895-4E13-873D-4A7D102EF483}.Release|Win32.ActiveCfg = Release|Any CPU
		{5ACCBD83-3895-4E13-873D-4A7D102EF483}.Release|x64.ActiveCfg = Release|Any CPU
		{5ACCBD83-3895-4E13-873D-4A7D102EF483}.ReleaseAxp|Any CPU.ActiveCfg = Release|Any CPU
		{5ACCBD83-3895-4E13-873D-4A7D102EF483}.ReleaseAxp|Any CPU.Build.0 = Release|Any CPU
		{5ACCBD83-3895-4E13-873D-4A7D102EF483}.ReleaseAxp|Mixed Platforms.ActiveCfg = Release|Any CPU
		{5ACCBD83-3895-4E13-873D-4A7D102EF483}.ReleaseAxp|Mixed Platforms.Build.0 = Release|Any CPU
		{5ACCBD83-3895-4E13-873D-4A7D102EF483}.ReleaseAxp|Win32.ActiveCfg = Release|Any CPU
		{5ACCBD83-3895-4E13-873D-4A7D102EF483}.ReleaseAxp|x64.ActiveCfg = Release|Any CPU
		{5ACCBD83-3895-4E13-873D-4A7D102EF483}.ReleaseWithoutAsm|Any CPU.ActiveCfg = Release|Any CPU
		{5ACCBD83-3895-4E13-873D-4A7D102EF483}.ReleaseWithoutAsm|Any CPU.Build.0 = Release|Any CPU
		{5ACCBD83-3895-4E13-873D-4A7D102EF483}.ReleaseWithoutAsm|Mixed Platforms.ActiveCfg = Release|Any CPU
		{5ACCBD83-3895-4E13-873D-4A7D102EF483}.ReleaseWithoutAsm|Mixed Platforms.Build.0 = Release|Any CPU
		{5ACCBD83-3895-4E13-873D-4A7D102EF483}.ReleaseWithoutAsm|Win32.ActiveCfg = Release|Any CPU
		{5ACCBD83-3895-4E13-873D-4A7D102EF483}.ReleaseWithoutAsm|x64.ActiveCfg = Release|Any CPU
		{475F3ADF-B529-449F-89DA-BA5E8BE15DD5}.Debug|Any CPU.ActiveCfg = Debug|Any CPU
		{475F3ADF-B529-449F-89DA-BA5E8BE15DD5}.Debug|Any CPU.Build.0 = Debug|Any CPU
		{475F3ADF-B529-449F-89DA-BA5E8BE15DD5}.Debug|Mixed Platforms.ActiveCfg = Debug|Any CPU
		{475F3ADF-B529-449F-89DA-BA5E8BE15DD5}.Debug|Mixed Platforms.Build.0 = Debug|Any CPU
		{475F3ADF-B529-449F-89DA-BA5E8BE15DD5}.Debug|Win32.ActiveCfg = Debug|Any CPU
		{475F3ADF-B529-449F-89DA-BA5E8BE15DD5}.Debug|x64.ActiveCfg = Debug|Any CPU
		{475F3ADF-B529-449F-89DA-BA5E8BE15DD5}.Release|Any CPU.ActiveCfg = Release|Any CPU
		{475F3ADF-B529-449F-89DA-BA5E8BE15DD5}.Release|Any CPU.Build.0 = Release|Any CPU
		{475F3ADF-B529-449F-89DA-BA5E8BE15DD5}.Release|Mixed Platforms.ActiveCfg = Release|Any CPU
		{475F3ADF-B529-449F-89DA-BA5E8BE15DD5}.Release|Mixed Platforms.Build.0 = Release|Any CPU
		{475F3ADF-B529-449F-89DA-BA5E8BE15DD5}.Release|Win32.ActiveCfg = Release|Any CPU
		{475F3ADF-B529-449F-89DA-BA5E8BE15DD5}.Release|x64.ActiveCfg = Release|Any CPU
		{475F3ADF-B529-449F-89DA-BA5E8BE15DD5}.ReleaseAxp|Any CPU.ActiveCfg = Release|Any CPU
		{475F3ADF-B529-449F-89DA-BA5E8BE15DD5}.ReleaseAxp|Any CPU.Build.0 = Release|Any CPU
		{475F3ADF-B529-449F-89DA-BA5E8BE15DD5}.ReleaseAxp|Mixed Platforms.ActiveCfg = Release|Any CPU
		{475F3ADF-B529-449F-89DA-BA5E8BE15DD5}.ReleaseAxp|Mixed Platforms.Build.0 = Release|Any CPU
		{475F3ADF-B529-449F-89DA-BA5E8BE15DD5}.ReleaseAxp|Win32.ActiveCfg = Release|Any CPU
		{475F3ADF-B529-449F-89DA-BA5E8BE15DD5}.ReleaseAxp|x64.ActiveCfg = Release|Any CPU
		{475F3ADF-B529-449F-89DA-BA5E8BE15DD5}.ReleaseWithoutAsm|Any CPU.ActiveCfg = Release|Any CPU
		{475F3ADF-B529-449F-89DA-BA5E8BE15DD5}.ReleaseWithoutAsm|Any CPU.Build.0 = Release|Any CPU
		{475F3ADF-B529-449F-89DA-BA5E8BE15DD5}.ReleaseWithoutAsm|Mixed Platforms.ActiveCfg = Release|Any CPU
		{475F3ADF-B529-449F-89DA-BA5E8BE15DD5}.ReleaseWithoutAsm|Mixed Platforms.Build.0 = Release|Any CPU
		{475F3ADF-B529-449F-89DA-BA5E8BE15DD5}.ReleaseWithoutAsm|Win32.ActiveCfg = Release|Any CPU
		{475F3ADF-B529-449F-89DA-BA5E8BE15DD5}.ReleaseWithoutAsm|x64.ActiveCfg = Release|Any CPU
		{254E33BF-EAFA-44E3-845A-2E026645AB8C}.Debug|Any CPU.ActiveCfg = Debug|Any CPU
		{254E33BF-EAFA-44E3-845A-2E026645AB8C}.Debug|Any CPU.Build.0 = Debug|Any CPU
		{254E33BF-EAFA-44E3-845A-2E026645AB8C}.Debug|Mixed Platforms.ActiveCfg = Debug|Any CPU
		{254E33BF-EAFA-44E3-845A-2E026645AB8C}.Debug|Mixed Platforms.Build.0 = Debug|Any CPU
		{254E33BF-EAFA-44E3-845A-2E026645AB8C}.Debug|Win32.ActiveCfg = Debug|Any CPU
		{254E33BF-EAFA-44E3-845A-2E026645AB8C}.Debug|x64.ActiveCfg = Debug|Any CPU
		{254E33BF-EAFA-44E3-845A-2E026645AB8C}.Release|Any CPU.ActiveCfg = Release|Any CPU
		{254E33BF-EAFA-44E3-845A-2E026645AB8C}.Release|Any CPU.Build.0 = Release|Any CPU
		{254E33BF-EAFA-44E3-845A-2E026645AB8C}.Release|Mixed Platforms.ActiveCfg = Release|Any CPU
		{254E33BF-EAFA-44E3-845A-2E026645AB8C}.Release|Mixed Platforms.Build.0 = Release|Any CPU
		{254E33BF-EAFA-44E3-845A-2E026645AB8C}.Release|Win32.ActiveCfg = Release|Any CPU
		{254E33BF-EAFA-44E3-845A-2E026645AB8C}.Release|x64.ActiveCfg = Release|Any CPU
		{254E33BF-EAFA-44E3-845A-2E026645AB8C}.ReleaseAxp|Any CPU.ActiveCfg = Release|Any CPU
		{254E33BF-EAFA-44E3-845A-2E026645AB8C}.ReleaseAxp|Any CPU.Build.0 = Release|Any CPU
		{254E33BF-EAFA-44E3-845A-2E026645AB8C}.ReleaseAxp|Mixed Platforms.ActiveCfg = Release|Any CPU
		{254E33BF-EAFA-44E3-845A-2E026645AB8C}.ReleaseAxp|Mixed Platforms.Build.0 = Release|Any CPU
		{254E33BF-EAFA-44E3-845A-2E026645AB8C}.ReleaseAxp|Win32.ActiveCfg = Release|Any CPU
		{254E33BF-EAFA-44E3-845A-2E026645AB8C}.ReleaseAxp|x64.ActiveCfg = Release|Any CPU
		{254E33BF-EAFA-44E3-845A-2E026645AB8C}.ReleaseWithoutAsm|Any CPU.ActiveCfg = Release|Any CPU
		{254E33BF-EAFA-44E3-845A-2E026645AB8C}.ReleaseWithoutAsm|Any CPU.Build.0 = Release|Any CPU
		{254E33BF-EAFA-44E3-845A-2E026645AB8C}.ReleaseWithoutAsm|Mixed Platforms.ActiveCfg = Release|Any CPU
		{254E33BF-EAFA-44E3-845A-2E026645AB8C}.ReleaseWithoutAsm|Mixed Platforms.Build.0 = Release|Any CPU
		{254E33BF-EAFA-44E3-845A-2E026645AB8C}.ReleaseWithoutAsm|Win32.ActiveCfg = Release|Any CPU
		{254E33BF-EAFA-44E3-845A-2E026645AB8C}.ReleaseWithoutAsm|x64.ActiveCfg = Release|Any CPU
		{916AF659-38F4-4B8E-A8A1-B52448762F8D}.Debug|Any CPU.ActiveCfg = Debug|Any CPU
		{916AF659-38F4-4B8E-A8A1-B52448762F8D}.Debug|Any CPU.Build.0 = Debug|Any CPU
		{916AF659-38F4-4B8E-A8A1-B52448762F8D}.Debug|Mixed Platforms.ActiveCfg = Debug|Any CPU
		{916AF659-38F4-4B8E-A8A1-B52448762F8D}.Debug|Mixed Platforms.Build.0 = Debug|Any CPU
		{916AF659-38F4-4B8E-A8A1-B52448762F8D}.Debug|Win32.ActiveCfg = Debug|Any CPU
		{916AF659-38F4-4B8E-A8A1-B52448762F8D}.Debug|x64.ActiveCfg = Debug|Any CPU
		{916AF659-38F4-4B8E-A8A1-B52448762F8D}.Release|Any CPU.ActiveCfg = Release|Any CPU
		{916AF659-38F4-4B8E-A8A1-B52448762F8D}.Release|Any CPU.Build.0 = Release|Any CPU
		{916AF659-38F4-4B8E-A8A1-B52448762F8D}.Release|Mixed Platforms.ActiveCfg = Release|Any CPU
		{916AF659-38F4-4B8E-A8A1-B52448762F8D}.Release|Mixed Platforms.Build.0 = Release|Any CPU
		{916AF659-38F4-4B8E-A8A1-B52448762F8D}.Release|Win32.ActiveCfg = Release|Any CPU
		{916AF659-38F4-4B8E-A8A1-B52448762F8D}.Release|x64.ActiveCfg = Release|Any CPU
		{916AF659-38F4-4B8E-A8A1-B52448762F8D}.ReleaseAxp|Any CPU.ActiveCfg = Release|Any CPU
		{916AF659-38F4-4B8E-A8A1-B52448762F8D}.ReleaseAxp|Any CPU.Build.0 = Release|Any CPU
		{916AF659-38F4-4B8E-A8A1-B52448762F8D}.ReleaseAxp|Mixed Platforms.ActiveCfg = Release|Any CPU
		{916AF659-38F4-4B8E-A8A1-B52448762F8D}.ReleaseAxp|Mixed Platforms.Build.0 = Release|Any CPU
		{916AF659-38F4-4B8E-A8A1-B52448762F8D}.ReleaseAxp|Win32.ActiveCfg = Release|Any CPU
		{916AF659-38F4-4B8E-A8A1-B52448762F8D}.ReleaseAxp|x64.ActiveCfg = Release|Any CPU
		{916AF659-38F4-4B8E-A8A1-B52448762F8D}.ReleaseWithoutAsm|Any CPU.ActiveCfg = Release|Any CPU
		{916AF659-38F4-4B8E-A8A1-B52448762F8D}.ReleaseWithoutAsm|Any CPU.Build.0 = Release|Any CPU
		{916AF659-38F4-4B8E-A8A1-B52448762F8D}.ReleaseWithoutAsm|Mixed Platforms.ActiveCfg = Release|Any CPU
		{916AF659-38F4-4B8E-A8A1-B52448762F8D}.ReleaseWithoutAsm|Mixed Platforms.Build.0 = Release|Any CPU
		{916AF659-38F4-4B8E-A8A1-B52448762F8D}.ReleaseWithoutAsm|Win32.ActiveCfg = Release|Any CPU
		{916AF659-38F4-4B8E-A8A1-B52448762F8D}.ReleaseWithoutAsm|x64.ActiveCfg = Release|Any CPU
		{4D15864A-2559-49F7-8A67-6F186FE88A6A}.Debug|Any CPU.ActiveCfg = Debug|Any CPU
		{4D15864A-2559-49F7-8A67-6F186FE88A6A}.Debug|Any CPU.Build.0 = Debug|Any CPU
		{4D15864A-2559-49F7-8A67-6F186FE88A6A}.Debug|Mixed Platforms.ActiveCfg = Debug|Any CPU
		{4D15864A-2559-49F7-8A67-6F186FE88A6A}.Debug|Mixed Platforms.Build.0 = Debug|Any CPU
		{4D15864A-2559-49F7-8A67-6F186FE88A6A}.Debug|Win32.ActiveCfg = Debug|Any CPU
		{4D15864A-2559-49F7-8A67-6F186FE88A6A}.Debug|x64.ActiveCfg = Debug|Any CPU
		{4D15864A-2559-49F7-8A67-6F186FE88A6A}.Release|Any CPU.ActiveCfg = Release|Any CPU
		{4D15864A-2559-49F7-8A67-6F186FE88A6A}.Release|Any CPU.Build.0 = Release|Any CPU
		{4D15864A-2559-49F7-8A67-6F186FE88A6A}.Release|Mixed Platforms.ActiveCfg = Release|Any CPU
		{4D15864A-2559-49F7-8A67-6F186FE88A6A}.Release|Mixed Platforms.Build.0 = Release|Any CPU
		{4D15864A-2559-49F7-8A67-6F186FE88A6A}.Release|Win32.ActiveCfg = Release|Any CPU
		{4D15864A-2559-49F7-8A67-6F186FE88A6A}.Release|x64.ActiveCfg = Release|Any CPU
		{4D15864A-2559-49F7-8A67-6F186FE88A6A}.ReleaseAxp|Any CPU.ActiveCfg = Release|Any CPU
		{4D15864A-2559-49F7-8A67-6F186FE88A6A}.ReleaseAxp|Any CPU.Build.0 = Release|Any CPU
		{4D15864A-2559-49F7-8A67-6F186FE88A6A}.ReleaseAxp|Mixed Platforms.ActiveCfg = Release|Any CPU
		{4D15864A-2559-49F7-8A67-6F186FE88A6A}.ReleaseAxp|Mixed Platforms.Build.0 = Release|Any CPU
		{4D15864A-2559-49F7-8A67-6F186FE88A6A}.ReleaseAxp|Win32.ActiveCfg = Release|Any CPU
		{4D15864A-2559-49F7-8A67-6F186FE88A6A}.ReleaseAxp|x64.ActiveCfg = Release|Any CPU
		{4D15864A-2559-49F7-8A67-6F186FE88A6A}.ReleaseWithoutAsm|Any CPU.ActiveCfg = Release|Any CPU
		{4D15864A-2559-49F7-8A67-6F186FE88A6A}.ReleaseWithoutAsm|Any CPU.Build.0 = Release|Any CPU
		{4D15864A-2559-49F7-8A67-6F186FE88A6A}.ReleaseWithoutAsm|Mixed Platforms.ActiveCfg = Release|Any CPU
		{4D15864A-2559-49F7-8A67-6F186FE88A6A}.ReleaseWithoutAsm|Mixed Platforms.Build.0 = Release|Any CPU
		{4D15864A-2559-49F7-8A67-6F186FE88A6A}.ReleaseWithoutAsm|Win32.ActiveCfg = Release|Any CPU
		{4D15864A-2559-49F7-8A67-6F186FE88A6A}.ReleaseWithoutAsm|x64.ActiveCfg = Release|Any CPU
		{9816BA86-9250-4C00-A912-25F07F8677D1}.Debug|Any CPU.ActiveCfg = Debug|Any CPU
		{9816BA86-9250-4C00-A912-25F07F8677D1}.Debug|Any CPU.Build.0 = Debug|Any CPU
		{9816BA86-9250-4C00-A912-25F07F8677D1}.Debug|Mixed Platforms.ActiveCfg = Debug|Any CPU
		{9816BA86-9250-4C00-A912-25F07F8677D1}.Debug|Mixed Platforms.Build.0 = Debug|Any CPU
		{9816BA86-9250-4C00-A912-25F07F8677D1}.Debug|Win32.ActiveCfg = Debug|Any CPU
		{9816BA86-9250-4C00-A912-25F07F8677D1}.Debug|x64.ActiveCfg = Debug|Any CPU
		{9816BA86-9250-4C00-A912-25F07F8677D1}.Release|Any CPU.ActiveCfg = Release|Any CPU
		{9816BA86-9250-4C00-A912-25F07F8677D1}.Release|Any CPU.Build.0 = Release|Any CPU
		{9816BA86-9250-4C00-A912-25F07F8677D1}.Release|Mixed Platforms.ActiveCfg = Release|Any CPU
		{9816BA86-9250-4C00-A912-25F07F8677D1}.Release|Mixed Platforms.Build.0 = Release|Any CPU
		{9816BA86-9250-4C00-A912-25F07F8677D1}.Release|Win32.ActiveCfg = Release|Any CPU
		{9816BA86-9250-4C00-A912-25F07F8677D1}.Release|x64.ActiveCfg = Release|Any CPU
		{9816BA86-9250-4C00-A912-25F07F8677D1}.ReleaseAxp|Any CPU.ActiveCfg = Release|Any CPU
		{9816BA86-9250-4C00-A912-25F07F8677D1}.ReleaseAxp|Any CPU.Build.0 = Release|Any CPU
		{9816BA86-9250-4C00-A912-25F07F8677D1}.ReleaseAxp|Mixed Platforms.ActiveCfg = Release|Any CPU
		{9816BA86-9250-4C00-A912-25F07F8677D1}.ReleaseAxp|Mixed Platforms.Build.0 = Release|Any CPU
		{9816BA86-9250-4C00-A912-25F07F8677D1}.ReleaseAxp|Win32.ActiveCfg = Release|Any CPU
		{9816BA86-9250-4C00-A912-25F07F8677D1}.ReleaseAxp|x64.ActiveCfg = Release|Any CPU
		{9816BA86-9250-4C00-A912-25F07F8677D1}.ReleaseWithoutAsm|Any CPU.ActiveCfg = Release|Any CPU
		{9816BA86-9250-4C00-A912-25F07F8677D1}.ReleaseWithoutAsm|Any CPU.Build.0 = Release|Any CPU
		{9816BA86-9250-4C00-A912-25F07F8677D1}.ReleaseWithoutAsm|Mixed Platforms.ActiveCfg = Release|Any CPU
		{9816BA86-9250-4C00-A912-25F07F8677D1}.ReleaseWithoutAsm|Mixed Platforms.Build.0 = Release|Any CPU
		{9816BA86-9250-4C00-A912-25F07F8677D1}.ReleaseWithoutAsm|Win32.ActiveCfg = Release|Any CPU
		{9816BA86-9250-4C00-A912-25F07F8677D1}.ReleaseWithoutAsm|x64.ActiveCfg = Release|Any CPU
		{7CC425F9-BC74-459A-AE8A-28331A29CA72}.Debug|Any CPU.ActiveCfg = Debug|Any CPU
		{7CC425F9-BC74-459A-AE8A-28331A29CA72}.Debug|Any CPU.Build.0 = Debug|Any CPU
		{7CC425F9-BC74-459A-AE8A-28331A29CA72}.Debug|Mixed Platforms.ActiveCfg = Debug|Any CPU
		{7CC425F9-BC74-459A-AE8A-28331A29CA72}.Debug|Mixed Platforms.Build.0 = Debug|Any CPU
		{7CC425F9-BC74-459A-AE8A-28331A29CA72}.Debug|Win32.ActiveCfg = Debug|Any CPU
		{7CC425F9-BC74-459A-AE8A-28331A29CA72}.Debug|x64.ActiveCfg = Debug|Any CPU
		{7CC425F9-BC74-459A-AE8A-28331A29CA72}.Release|Any CPU.ActiveCfg = Release|Any CPU
		{7CC425F9-BC74-459A-AE8A-28331A29CA72}.Release|Any CPU.Build.0 = Release|Any CPU
		{7CC425F9-BC74-459A-AE8A-28331A29CA72}.Release|Mixed Platforms.ActiveCfg = Release|Any CPU
		{7CC425F9-BC74-459A-AE8A-28331A29CA72}.Release|Mixed Platforms.Build.0 = Release|Any CPU
		{7CC425F9-BC74-459A-AE8A-28331A29CA72}.Release|Win32.ActiveCfg = Release|Any CPU
		{7CC425F9-BC74-459A-AE8A-28331A29CA72}.Release|x64.ActiveCfg = Release|Any CPU
		{7CC425F9-BC74-459A-AE8A-28331A29CA72}.ReleaseAxp|Any CPU.ActiveCfg = Release|Any CPU
		{7CC425F9-BC74-459A-AE8A-28331A29CA72}.ReleaseAxp|Any CPU.Build.0 = Release|Any CPU
		{7CC425F9-BC74-459A-AE8A-28331A29CA72}.ReleaseAxp|Mixed Platforms.ActiveCfg = Release|Any CPU
		{7CC425F9-BC74-459A-AE8A-28331A29CA72}.ReleaseAxp|Mixed Platforms.Build.0 = Release|Any CPU
		{7CC425F9-BC74-459A-AE8A-28331A29CA72}.ReleaseAxp|Win32.ActiveCfg = Release|Any CPU
		{7CC425F9-BC74-459A-AE8A-28331A29CA72}.ReleaseAxp|x64.ActiveCfg = Release|Any CPU
		{7CC425F9-BC74-459A-AE8A-28331A29CA72}.ReleaseWithoutAsm|Any CPU.ActiveCfg = Release|Any CPU
		{7CC425F9-BC74-459A-AE8A-28331A29CA72}.ReleaseWithoutAsm|Any CPU.Build.0 = Release|Any CPU
		{7CC425F9-BC74-459A-AE8A-28331A29CA72}.ReleaseWithoutAsm|Mixed Platforms.ActiveCfg = Release|Any CPU
		{7CC425F9-BC74-459A-AE8A-28331A29CA72}.ReleaseWithoutAsm|Mixed Platforms.Build.0 = Release|Any CPU
		{7CC425F9-BC74-459A-AE8A-28331A29CA72}.ReleaseWithoutAsm|Win32.ActiveCfg = Release|Any CPU
		{7CC425F9-BC74-459A-AE8A-28331A29CA72}.ReleaseWithoutAsm|x64.ActiveCfg = Release|Any CPU
		{657445EA-0518-4B5D-BAA7-6A39BC4FA87B}.Debug|Any CPU.ActiveCfg = Debug|Any CPU
		{657445EA-0518-4B5D-BAA7-6A39BC4FA87B}.Debug|Any CPU.Build.0 = Debug|Any CPU
		{657445EA-0518-4B5D-BAA7-6A39BC4FA87B}.Debug|Mixed Platforms.ActiveCfg = Debug|Any CPU
		{657445EA-0518-4B5D-BAA7-6A39BC4FA87B}.Debug|Mixed Platforms.Build.0 = Debug|Any CPU
		{657445EA-0518-4B5D-BAA7-6A39BC4FA87B}.Debug|Win32.ActiveCfg = Debug|Any CPU
		{657445EA-0518-4B5D-BAA7-6A39BC4FA87B}.Debug|x64.ActiveCfg = Debug|Any CPU
		{657445EA-0518-4B5D-BAA7-6A39BC4FA87B}.Release|Any CPU.ActiveCfg = Release|Any CPU
		{657445EA-0518-4B5D-BAA7-6A39BC4FA87B}.Release|Any CPU.Build.0 = Release|Any CPU
		{657445EA-0518-4B5D-BAA7-6A39BC4FA87B}.Release|Mixed Platforms.ActiveCfg = Release|Any CPU
		{657445EA-0518-4B5D-BAA7-6A39BC4FA87B}.Release|Mixed Platforms.Build.0 = Release|Any CPU
		{657445EA-0518-4B5D-BAA7-6A39BC4FA87B}.Release|Win32.ActiveCfg = Release|Any CPU
		{657445EA-0518-4B5D-BAA7-6A39BC4FA87B}.Release|Win32.Build.0 = Release|Any CPU
		{657445EA-0518-4B5D-BAA7-6A39BC4FA87B}.Release|x64.ActiveCfg = Release|Any CPU
		{657445EA-0518-4B5D-BAA7-6A39BC4FA87B}.ReleaseAxp|Any CPU.ActiveCfg = Release|Any CPU
		{657445EA-0518-4B5D-BAA7-6A39BC4FA87B}.ReleaseAxp|Any CPU.Build.0 = Release|Any CPU
		{657445EA-0518-4B5D-BAA7-6A39BC4FA87B}.ReleaseAxp|Mixed Platforms.ActiveCfg = Release|Any CPU
		{657445EA-0518-4B5D-BAA7-6A39BC4FA87B}.ReleaseAxp|Mixed Platforms.Build.0 = Release|Any CPU
		{657445EA-0518-4B5D-BAA7-6A39BC4FA87B}.ReleaseAxp|Win32.ActiveCfg = Release|Any CPU
		{657445EA-0518-4B5D-BAA7-6A39BC4FA87B}.ReleaseAxp|x64.ActiveCfg = Release|Any CPU
		{657445EA-0518-4B5D-BAA7-6A39BC4FA87B}.ReleaseWithoutAsm|Any CPU.ActiveCfg = Release|Any CPU
		{657445EA-0518-4B5D-BAA7-6A39BC4FA87B}.ReleaseWithoutAsm|Any CPU.Build.0 = Release|Any CPU
		{657445EA-0518-4B5D-BAA7-6A39BC4FA87B}.ReleaseWithoutAsm|Mixed Platforms.ActiveCfg = Release|Any CPU
		{657445EA-0518-4B5D-BAA7-6A39BC4FA87B}.ReleaseWithoutAsm|Mixed Platforms.Build.0 = Release|Any CPU
		{657445EA-0518-4B5D-BAA7-6A39BC4FA87B}.ReleaseWithoutAsm|Win32.ActiveCfg = Release|Any CPU
		{657445EA-0518-4B5D-BAA7-6A39BC4FA87B}.ReleaseWithoutAsm|x64.ActiveCfg = Release|Any CPU
		{FCA6854E-4DD2-4B31-982B-B965D48AF86B}.Debug|Any CPU.ActiveCfg = Debug|Any CPU
		{FCA6854E-4DD2-4B31-982B-B965D48AF86B}.Debug|Any CPU.Build.0 = Debug|Any CPU
		{FCA6854E-4DD2-4B31-982B-B965D48AF86B}.Debug|Mixed Platforms.ActiveCfg = Debug|Any CPU
		{FCA6854E-4DD2-4B31-982B-B965D48AF86B}.Debug|Mixed Platforms.Build.0 = Debug|Any CPU
		{FCA6854E-4DD2-4B31-982B-B965D48AF86B}.Debug|Win32.ActiveCfg = Debug|Any CPU
		{FCA6854E-4DD2-4B31-982B-B965D48AF86B}.Debug|x64.ActiveCfg = Debug|Any CPU
		{FCA6854E-4DD2-4B31-982B-B965D48AF86B}.Release|Any CPU.ActiveCfg = Release|Any CPU
		{FCA6854E-4DD2-4B31-982B-B965D48AF86B}.Release|Any CPU.Build.0 = Release|Any CPU
		{FCA6854E-4DD2-4B31-982B-B965D48AF86B}.Release|Mixed Platforms.ActiveCfg = Release|Any CPU
		{FCA6854E-4DD2-4B31-982B-B965D48AF86B}.Release|Mixed Platforms.Build.0 = Release|Any CPU
		{FCA6854E-4DD2-4B31-982B-B965D48AF86B}.Release|Win32.ActiveCfg = Release|Any CPU
		{FCA6854E-4DD2-4B31-982B-B965D48AF86B}.Release|x64.ActiveCfg = Release|Any CPU
		{FCA6854E-4DD2-4B31-982B-B965D48AF86B}.ReleaseAxp|Any CPU.ActiveCfg = Release|Any CPU
		{FCA6854E-4DD2-4B31-982B-B965D48AF86B}.ReleaseAxp|Any CPU.Build.0 = Release|Any CPU
		{FCA6854E-4DD2-4B31-982B-B965D48AF86B}.ReleaseAxp|Mixed Platforms.ActiveCfg = Release|Any CPU
		{FCA6854E-4DD2-4B31-982B-B965D48AF86B}.ReleaseAxp|Mixed Platforms.Build.0 = Release|Any CPU
		{FCA6854E-4DD2-4B31-982B-B965D48AF86B}.ReleaseAxp|Win32.ActiveCfg = Release|Any CPU
		{FCA6854E-4DD2-4B31-982B-B965D48AF86B}.ReleaseAxp|x64.ActiveCfg = Release|Any CPU
		{FCA6854E-4DD2-4B31-982B-B965D48AF86B}.ReleaseWithoutAsm|Any CPU.ActiveCfg = Release|Any CPU
		{FCA6854E-4DD2-4B31-982B-B965D48AF86B}.ReleaseWithoutAsm|Any CPU.Build.0 = Release|Any CPU
		{FCA6854E-4DD2-4B31-982B-B965D48AF86B}.ReleaseWithoutAsm|Mixed Platforms.ActiveCfg = Release|Any CPU
		{FCA6854E-4DD2-4B31-982B-B965D48AF86B}.ReleaseWithoutAsm|Mixed Platforms.Build.0 = Release|Any CPU
		{FCA6854E-4DD2-4B31-982B-B965D48AF86B}.ReleaseWithoutAsm|Win32.ActiveCfg = Release|Any CPU
		{FCA6854E-4DD2-4B31-982B-B965D48AF86B}.ReleaseWithoutAsm|x64.ActiveCfg = Release|Any CPU
		{30DEC3FA-3203-4091-8631-1E7B4793E330}.Debug|Any CPU.ActiveCfg = Debug
		{30DEC3FA-3203-4091-8631-1E7B4793E330}.Debug|Mixed Platforms.ActiveCfg = Debug
		{30DEC3FA-3203-4091-8631-1E7B4793E330}.Debug|Win32.ActiveCfg = Debug
		{30DEC3FA-3203-4091-8631-1E7B4793E330}.Debug|x64.ActiveCfg = Debug
		{30DEC3FA-3203-4091-8631-1E7B4793E330}.Release|Any CPU.ActiveCfg = Release
		{30DEC3FA-3203-4091-8631-1E7B4793E330}.Release|Mixed Platforms.ActiveCfg = Release
		{30DEC3FA-3203-4091-8631-1E7B4793E330}.Release|Win32.ActiveCfg = Release
		{30DEC3FA-3203-4091-8631-1E7B4793E330}.Release|x64.ActiveCfg = Release
		{30DEC3FA-3203-4091-8631-1E7B4793E330}.ReleaseAxp|Any CPU.ActiveCfg = Release
		{30DEC3FA-3203-4091-8631-1E7B4793E330}.ReleaseAxp|Mixed Platforms.ActiveCfg = Release
		{30DEC3FA-3203-4091-8631-1E7B4793E330}.ReleaseAxp|Win32.ActiveCfg = Release
		{30DEC3FA-3203-4091-8631-1E7B4793E330}.ReleaseAxp|x64.ActiveCfg = Release
		{30DEC3FA-3203-4091-8631-1E7B4793E330}.ReleaseWithoutAsm|Any CPU.ActiveCfg = Release
		{30DEC3FA-3203-4091-8631-1E7B4793E330}.ReleaseWithoutAsm|Mixed Platforms.ActiveCfg = Release
		{30DEC3FA-3203-4091-8631-1E7B4793E330}.ReleaseWithoutAsm|Win32.ActiveCfg = Release
		{30DEC3FA-3203-4091-8631-1E7B4793E330}.ReleaseWithoutAsm|x64.ActiveCfg = Release
		{876C6926-92E0-4898-8605-8D2966928429}.Debug|Any CPU.ActiveCfg = Debug|Any CPU
		{876C6926-92E0-4898-8605-8D2966928429}.Debug|Any CPU.Build.0 = Debug|Any CPU
		{876C6926-92E0-4898-8605-8D2966928429}.Debug|Mixed Platforms.ActiveCfg = Debug|Any CPU
		{876C6926-92E0-4898-8605-8D2966928429}.Debug|Mixed Platforms.Build.0 = Debug|Any CPU
		{876C6926-92E0-4898-8605-8D2966928429}.Debug|Win32.ActiveCfg = Debug|Any CPU
		{876C6926-92E0-4898-8605-8D2966928429}.Debug|x64.ActiveCfg = Debug|Any CPU
		{876C6926-92E0-4898-8605-8D2966928429}.Release|Any CPU.ActiveCfg = Release|Any CPU
		{876C6926-92E0-4898-8605-8D2966928429}.Release|Any CPU.Build.0 = Release|Any CPU
		{876C6926-92E0-4898-8605-8D2966928429}.Release|Mixed Platforms.ActiveCfg = Release|Any CPU
		{876C6926-92E0-4898-8605-8D2966928429}.Release|Mixed Platforms.Build.0 = Release|Any CPU
		{876C6926-92E0-4898-8605-8D2966928429}.Release|Win32.ActiveCfg = Release|Any CPU
		{876C6926-92E0-4898-8605-8D2966928429}.Release|x64.ActiveCfg = Release|Any CPU
		{876C6926-92E0-4898-8605-8D2966928429}.ReleaseAxp|Any CPU.ActiveCfg = Release|Any CPU
		{876C6926-92E0-4898-8605-8D2966928429}.ReleaseAxp|Any CPU.Build.0 = Release|Any CPU
		{876C6926-92E0-4898-8605-8D2966928429}.ReleaseAxp|Mixed Platforms.ActiveCfg = Release|Any CPU
		{876C6926-92E0-4898-8605-8D2966928429}.ReleaseAxp|Mixed Platforms.Build.0 = Release|Any CPU
		{876C6926-92E0-4898-8605-8D2966928429}.ReleaseAxp|Win32.ActiveCfg = Release|Any CPU
		{876C6926-92E0-4898-8605-8D2966928429}.ReleaseAxp|x64.ActiveCfg = Release|Any CPU
		{876C6926-92E0-4898-8605-8D2966928429}.ReleaseWithoutAsm|Any CPU.ActiveCfg = Release|Any CPU
		{876C6926-92E0-4898-8605-8D2966928429}.ReleaseWithoutAsm|Any CPU.Build.0 = Release|Any CPU
		{876C6926-92E0-4898-8605-8D2966928429}.ReleaseWithoutAsm|Mixed Platforms.ActiveCfg = Release|Any CPU
		{876C6926-92E0-4898-8605-8D2966928429}.ReleaseWithoutAsm|Mixed Platforms.Build.0 = Release|Any CPU
		{876C6926-92E0-4898-8605-8D2966928429}.ReleaseWithoutAsm|Win32.ActiveCfg = Release|Any CPU
		{876C6926-92E0-4898-8605-8D2966928429}.ReleaseWithoutAsm|x64.ActiveCfg = Release|Any CPU
		{283EBAA8-D383-4BB9-8016-29CFDFCB4386}.Debug|Any CPU.ActiveCfg = Debug|Any CPU
		{283EBAA8-D383-4BB9-8016-29CFDFCB4386}.Debug|Any CPU.Build.0 = Debug|Any CPU
		{283EBAA8-D383-4BB9-8016-29CFDFCB4386}.Debug|Mixed Platforms.ActiveCfg = Debug|Any CPU
		{283EBAA8-D383-4BB9-8016-29CFDFCB4386}.Debug|Mixed Platforms.Build.0 = Debug|Any CPU
		{283EBAA8-D383-4BB9-8016-29CFDFCB4386}.Debug|Win32.ActiveCfg = Debug|Any CPU
		{283EBAA8-D383-4BB9-8016-29CFDFCB4386}.Debug|x64.ActiveCfg = Debug|Any CPU
		{283EBAA8-D383-4BB9-8016-29CFDFCB4386}.Release|Any CPU.ActiveCfg = Release|Any CPU
		{283EBAA8-D383-4BB9-8016-29CFDFCB4386}.Release|Any CPU.Build.0 = Release|Any CPU
		{283EBAA8-D383-4BB9-8016-29CFDFCB4386}.Release|Mixed Platforms.ActiveCfg = Release|Any CPU
		{283EBAA8-D383-4BB9-8016-29CFDFCB4386}.Release|Mixed Platforms.Build.0 = Release|Any CPU
		{283EBAA8-D383-4BB9-8016-29CFDFCB4386}.Release|Win32.ActiveCfg = Release|Any CPU
		{283EBAA8-D383-4BB9-8016-29CFDFCB4386}.Release|x64.ActiveCfg = Release|Any CPU
		{283EBAA8-D383-4BB9-8016-29CFDFCB4386}.ReleaseAxp|Any CPU.ActiveCfg = Release|Any CPU
		{283EBAA8-D383-4BB9-8016-29CFDFCB4386}.ReleaseAxp|Any CPU.Build.0 = Release|Any CPU
		{283EBAA8-D383-4BB9-8016-29CFDFCB4386}.ReleaseAxp|Mixed Platforms.ActiveCfg = Release|Any CPU
		{283EBAA8-D383-4BB9-8016-29CFDFCB4386}.ReleaseAxp|Mixed Platforms.Build.0 = Release|Any CPU
		{283EBAA8-D383-4BB9-8016-29CFDFCB4386}.ReleaseAxp|Win32.ActiveCfg = Release|Any CPU
		{283EBAA8-D383-4BB9-8016-29CFDFCB4386}.ReleaseAxp|x64.ActiveCfg = Release|Any CPU
		{283EBAA8-D383-4BB9-8016-29CFDFCB4386}.ReleaseWithoutAsm|Any CPU.ActiveCfg = Release|Any CPU
		{283EBAA8-D383-4BB9-8016-29CFDFCB4386}.ReleaseWithoutAsm|Any CPU.Build.0 = Release|Any CPU
		{283EBAA8-D383-4BB9-8016-29CFDFCB4386}.ReleaseWithoutAsm|Mixed Platforms.ActiveCfg = Release|Any CPU
		{283EBAA8-D383-4BB9-8016-29CFDFCB4386}.ReleaseWithoutAsm|Mixed Platforms.Build.0 = Release|Any CPU
		{283EBAA8-D383-4BB9-8016-29CFDFCB4386}.ReleaseWithoutAsm|Win32.ActiveCfg = Release|Any CPU
		{283EBAA8-D383-4BB9-8016-29CFDFCB4386}.ReleaseWithoutAsm|x64.ActiveCfg = Release|Any CPU
	EndGlobalSection
	GlobalSection(SolutionProperties) = preSolution
		HideSolutionNode = FALSE
	EndGlobalSection
	GlobalSection(ExtensibilityGlobals) = postSolution
		SolutionGuid = {20C88F4F-0F05-4E85-B005-789D7226CF3C}
	EndGlobalSection
EndGlobal
